
Microsoft Visual Studio Solution File, Format Version 12.00
# Visual Studio Version 17
VisualStudioVersion = 17.0.31903.59
MinimumVisualStudioVersion = 10.0.40219.1
Project("{2150E333-8FDC-42A3-9474-1A3956D46DE8}") = "src", "src", "{C1454797-AE24-49BB-8421-2DD58E454C38}"
EndProject
Project("{FAE04EC0-301F-11D3-BF4B-00C04F79EFBC}") = "GrimoireCli", "src\GrimoireCli\GrimoireCli.csproj", "{2698C28A-351F-4C9F-8584-386CC8AE546B}"
EndProject
Project("{2150E333-8FDC-42A3-9474-1A3956D46DE8}") = "tests", "tests", "{01C8E12D-FF23-44D0-AD3C-F0FCDFE4738B}"
EndProject
Project("{FAE04EC0-301F-11D3-BF4B-00C04F79EFBC}") = "GrimoireCli.Tests", "tests\GrimoireCli.Tests\GrimoireCli.Tests.csproj", "{AEF462DF-DC56-45B4-A266-226BFA7227F2}"
EndProject
Global
	GlobalSection(SolutionConfigurationPlatforms) = preSolution
		Debug|Any CPU = Debug|Any CPU
		Release|Any CPU = Release|Any CPU
	EndGlobalSection
	GlobalSection(SolutionProperties) = preSolution
		HideSolutionNode = FALSE
	EndGlobalSection
	GlobalSection(ProjectConfigurationPlatforms) = postSolution
		{2698C28A-351F-4C9F-8584-386CC8AE546B}.Debug|Any CPU.ActiveCfg = Debug|Any CPU
		{2698C28A-351F-4C9F-8584-386CC8AE546B}.Debug|Any CPU.Build.0 = Debug|Any CPU
		{2698C28A-351F-4C9F-8584-386CC8AE546B}.Release|Any CPU.ActiveCfg = Release|Any CPU
		{2698C28A-351F-4C9F-8584-386CC8AE546B}.Release|Any CPU.Build.0 = Release|Any CPU
		{AEF462DF-DC56-45B4-A266-226BFA7227F2}.Debug|Any CPU.ActiveCfg = Debug|Any CPU
		{AEF462DF-DC56-45B4-A266-226BFA7227F2}.Debug|Any CPU.Build.0 = Debug|Any CPU
		{AEF462DF-DC56-45B4-A266-226BFA7227F2}.Release|Any CPU.ActiveCfg = Release|Any CPU
		{AEF462DF-DC56-45B4-A266-226BFA7227F2}.Release|Any CPU.Build.0 = Release|Any CPU
	EndGlobalSection
	GlobalSection(NestedProjects) = preSolution
		{2698C28A-351F-4C9F-8584-386CC8AE546B} = {C1454797-AE24-49BB-8421-2DD58E454C38}
		{AEF462DF-DC56-45B4-A266-226BFA7227F2} = {01C8E12D-FF23-44D0-AD3C-F0FCDFE4738B}
	EndGlobalSection
EndGlobal
